// !$*UTF8*$!
{
	archiveVersion = 1;
	classes = {
	};
	objectVersion = 46;
	objects = {

/* Begin PBXBuildFile section */
		9A1B59891A1B0FF8006E8B0F /* Quick.framework in Frameworks */ = {isa = PBXBuildFile; fileRef = 9AC62C6E1A1B06C1006073ED /* Quick.framework */; };
		9A1B598D1A1B0FFC006E8B0F /* Nimble.framework in Frameworks */ = {isa = PBXBuildFile; fileRef = 9AC62C7D1A1B06C6006073ED /* Nimble.framework */; };
		9A1B59A71A1C406C006E8B0F /* RootViewControllerSpec.swift in Sources */ = {isa = PBXBuildFile; fileRef = 9A1B59A61A1C406C006E8B0F /* RootViewControllerSpec.swift */; };
		9A1B59A81A1C4103006E8B0F /* RootViewController.swift in Sources */ = {isa = PBXBuildFile; fileRef = 9AA512171A1AFE65003BF6F9 /* RootViewController.swift */; };
		9A1B59A91A1C4186006E8B0F /* AppDelegate.swift in Sources */ = {isa = PBXBuildFile; fileRef = 9AA512151A1AFE65003BF6F9 /* AppDelegate.swift */; };
		9A23F5D51A1C44E100EF3F03 /* ApiClient.swift in Sources */ = {isa = PBXBuildFile; fileRef = 9A23F5D41A1C44E100EF3F03 /* ApiClient.swift */; };
		9A23F5D61A1C44E100EF3F03 /* ApiClient.swift in Sources */ = {isa = PBXBuildFile; fileRef = 9A23F5D41A1C44E100EF3F03 /* ApiClient.swift */; };
		9A23F5D81A1C483100EF3F03 /* ApiClientSpec.swift in Sources */ = {isa = PBXBuildFile; fileRef = 9A23F5D71A1C483100EF3F03 /* ApiClientSpec.swift */; };
		9A23F5DA1A1C50D300EF3F03 /* Route.swift in Sources */ = {isa = PBXBuildFile; fileRef = 9A23F5D91A1C50D300EF3F03 /* Route.swift */; };
		9A23F5DB1A1C50D300EF3F03 /* Route.swift in Sources */ = {isa = PBXBuildFile; fileRef = 9A23F5D91A1C50D300EF3F03 /* Route.swift */; };
		9AA512161A1AFE65003BF6F9 /* AppDelegate.swift in Sources */ = {isa = PBXBuildFile; fileRef = 9AA512151A1AFE65003BF6F9 /* AppDelegate.swift */; };
		9AA512181A1AFE65003BF6F9 /* RootViewController.swift in Sources */ = {isa = PBXBuildFile; fileRef = 9AA512171A1AFE65003BF6F9 /* RootViewController.swift */; };
		9AA5121D1A1AFE65003BF6F9 /* Images.xcassets in Resources */ = {isa = PBXBuildFile; fileRef = 9AA5121C1A1AFE65003BF6F9 /* Images.xcassets */; };
		9AA512201A1AFE65003BF6F9 /* LaunchScreen.xib in Resources */ = {isa = PBXBuildFile; fileRef = 9AA5121E1A1AFE65003BF6F9 /* LaunchScreen.xib */; };
		9AA5123E1A1AFF28003BF6F9 /* MapKit.framework in Frameworks */ = {isa = PBXBuildFile; fileRef = 9AA5123D1A1AFF28003BF6F9 /* MapKit.framework */; };
/* End PBXBuildFile section */

/* Begin PBXContainerItemProxy section */
		9AC62C601A1B06AF006073ED /* PBXContainerItemProxy */ = {
			isa = PBXContainerItemProxy;
			containerPortal = 9AA512081A1AFE65003BF6F9 /* Project object */;
			proxyType = 1;
			remoteGlobalIDString = 9AA5120F1A1AFE65003BF6F9;
			remoteInfo = MuniMap;
		};
		9AC62C6D1A1B06C1006073ED /* PBXContainerItemProxy */ = {
			isa = PBXContainerItemProxy;
			containerPortal = 9AC62C651A1B06C1006073ED /* Quick.xcodeproj */;
			proxyType = 2;
			remoteGlobalIDString = DAEB6B8E1943873100289F44;
			remoteInfo = "Quick-OSX";
		};
		9AC62C6F1A1B06C1006073ED /* PBXContainerItemProxy */ = {
			isa = PBXContainerItemProxy;
			containerPortal = 9AC62C651A1B06C1006073ED /* Quick.xcodeproj */;
			proxyType = 2;
			remoteGlobalIDString = DAEB6B991943873100289F44;
			remoteInfo = "Quick-OSXTests";
		};
		9AC62C711A1B06C1006073ED /* PBXContainerItemProxy */ = {
			isa = PBXContainerItemProxy;
			containerPortal = 9AC62C651A1B06C1006073ED /* Quick.xcodeproj */;
			proxyType = 2;
			remoteGlobalIDString = 5A5D117C19473F2100F6D13D;
			remoteInfo = "Quick-iOS";
		};
		9AC62C731A1B06C1006073ED /* PBXContainerItemProxy */ = {
			isa = PBXContainerItemProxy;
			containerPortal = 9AC62C651A1B06C1006073ED /* Quick.xcodeproj */;
			proxyType = 2;
			remoteGlobalIDString = 5A5D118619473F2100F6D13D;
			remoteInfo = "Quick-iOSTests";
		};
		9AC62C7C1A1B06C6006073ED /* PBXContainerItemProxy */ = {
			isa = PBXContainerItemProxy;
			containerPortal = 9AC62C751A1B06C6006073ED /* Nimble.xcodeproj */;
			proxyType = 2;
			remoteGlobalIDString = 1F1A74291940169200FFFC47;
			remoteInfo = "Nimble-iOS";
		};
		9AC62C7E1A1B06C6006073ED /* PBXContainerItemProxy */ = {
			isa = PBXContainerItemProxy;
			containerPortal = 9AC62C751A1B06C6006073ED /* Nimble.xcodeproj */;
			proxyType = 2;
			remoteGlobalIDString = 1F1A74341940169200FFFC47;
			remoteInfo = "Nimble-iOSTests";
		};
		9AC62C801A1B06C6006073ED /* PBXContainerItemProxy */ = {
			isa = PBXContainerItemProxy;
			containerPortal = 9AC62C751A1B06C6006073ED /* Nimble.xcodeproj */;
			proxyType = 2;
			remoteGlobalIDString = 1F925EAD195C0D6300ED456B;
			remoteInfo = "Nimble-OSX";
		};
		9AC62C821A1B06C6006073ED /* PBXContainerItemProxy */ = {
			isa = PBXContainerItemProxy;
			containerPortal = 9AC62C751A1B06C6006073ED /* Nimble.xcodeproj */;
			proxyType = 2;
			remoteGlobalIDString = 1F925EB7195C0D6300ED456B;
			remoteInfo = "Nimble-OSXTests";
		};
/* End PBXContainerItemProxy section */

/* Begin PBXFileReference section */
		9A1B59A61A1C406C006E8B0F /* RootViewControllerSpec.swift */ = {isa = PBXFileReference; fileEncoding = 4; lastKnownFileType = sourcecode.swift; path = RootViewControllerSpec.swift; sourceTree = "<group>"; };
		9A23F5D41A1C44E100EF3F03 /* ApiClient.swift */ = {isa = PBXFileReference; fileEncoding = 4; lastKnownFileType = sourcecode.swift; path = ApiClient.swift; sourceTree = "<group>"; };
		9A23F5D71A1C483100EF3F03 /* ApiClientSpec.swift */ = {isa = PBXFileReference; fileEncoding = 4; lastKnownFileType = sourcecode.swift; path = ApiClientSpec.swift; sourceTree = "<group>"; };
		9A23F5D91A1C50D300EF3F03 /* Route.swift */ = {isa = PBXFileReference; fileEncoding = 4; lastKnownFileType = sourcecode.swift; path = Route.swift; sourceTree = "<group>"; };
		9AA512101A1AFE65003BF6F9 /* MuniMap.app */ = {isa = PBXFileReference; explicitFileType = wrapper.application; includeInIndex = 0; path = MuniMap.app; sourceTree = BUILT_PRODUCTS_DIR; };
		9AA512141A1AFE65003BF6F9 /* Info.plist */ = {isa = PBXFileReference; lastKnownFileType = text.plist.xml; path = Info.plist; sourceTree = "<group>"; };
		9AA512151A1AFE65003BF6F9 /* AppDelegate.swift */ = {isa = PBXFileReference; lastKnownFileType = sourcecode.swift; path = AppDelegate.swift; sourceTree = "<group>"; };
		9AA512171A1AFE65003BF6F9 /* RootViewController.swift */ = {isa = PBXFileReference; lastKnownFileType = sourcecode.swift; path = RootViewController.swift; sourceTree = "<group>"; };
		9AA5121C1A1AFE65003BF6F9 /* Images.xcassets */ = {isa = PBXFileReference; lastKnownFileType = folder.assetcatalog; path = Images.xcassets; sourceTree = "<group>"; };
		9AA5121F1A1AFE65003BF6F9 /* Base */ = {isa = PBXFileReference; lastKnownFileType = file.xib; name = Base; path = Base.lproj/LaunchScreen.xib; sourceTree = "<group>"; };
		9AA5123D1A1AFF28003BF6F9 /* MapKit.framework */ = {isa = PBXFileReference; lastKnownFileType = wrapper.framework; name = MapKit.framework; path = System/Library/Frameworks/MapKit.framework; sourceTree = SDKROOT; };
		9AC62C5A1A1B06AF006073ED /* MuniMapTests.xctest */ = {isa = PBXFileReference; explicitFileType = wrapper.cfbundle; includeInIndex = 0; path = MuniMapTests.xctest; sourceTree = BUILT_PRODUCTS_DIR; };
		9AC62C5D1A1B06AF006073ED /* Info.plist */ = {isa = PBXFileReference; lastKnownFileType = text.plist.xml; path = Info.plist; sourceTree = "<group>"; };
		9AC62C651A1B06C1006073ED /* Quick.xcodeproj */ = {isa = PBXFileReference; lastKnownFileType = "wrapper.pb-project"; name = Quick.xcodeproj; path = Externals/Quick/Quick.xcodeproj; sourceTree = SOURCE_ROOT; };
		9AC62C751A1B06C6006073ED /* Nimble.xcodeproj */ = {isa = PBXFileReference; lastKnownFileType = "wrapper.pb-project"; name = Nimble.xcodeproj; path = Externals/Nimble/Nimble.xcodeproj; sourceTree = SOURCE_ROOT; };
/* End PBXFileReference section */

/* Begin PBXFrameworksBuildPhase section */
		9AA5120D1A1AFE65003BF6F9 /* Frameworks */ = {
			isa = PBXFrameworksBuildPhase;
			buildActionMask = 2147483647;
			files = (
				9AA5123E1A1AFF28003BF6F9 /* MapKit.framework in Frameworks */,
			);
			runOnlyForDeploymentPostprocessing = 0;
		};
		9AC62C571A1B06AF006073ED /* Frameworks */ = {
			isa = PBXFrameworksBuildPhase;
			buildActionMask = 2147483647;
			files = (
				9A1B598D1A1B0FFC006E8B0F /* Nimble.framework in Frameworks */,
				9A1B59891A1B0FF8006E8B0F /* Quick.framework in Frameworks */,
			);
			runOnlyForDeploymentPostprocessing = 0;
		};
/* End PBXFrameworksBuildPhase section */

/* Begin PBXGroup section */
		9AA512071A1AFE65003BF6F9 = {
			isa = PBXGroup;
			children = (
				9AA512121A1AFE65003BF6F9 /* MuniMap */,
				9AC62C5B1A1B06AF006073ED /* MuniMapTests */,
				9AA512111A1AFE65003BF6F9 /* Products */,
			);
			sourceTree = "<group>";
		};
		9AA512111A1AFE65003BF6F9 /* Products */ = {
			isa = PBXGroup;
			children = (
				9AA512101A1AFE65003BF6F9 /* MuniMap.app */,
				9AC62C5A1A1B06AF006073ED /* MuniMapTests.xctest */,
			);
			name = Products;
			sourceTree = "<group>";
		};
		9AA512121A1AFE65003BF6F9 /* MuniMap */ = {
			isa = PBXGroup;
			children = (
				9A23F5D41A1C44E100EF3F03 /* ApiClient.swift */,
				9AA512151A1AFE65003BF6F9 /* AppDelegate.swift */,
				9AA512171A1AFE65003BF6F9 /* RootViewController.swift */,
				9AA512131A1AFE65003BF6F9 /* Supporting Files */,
				9A23F5D91A1C50D300EF3F03 /* Route.swift */,
			);
			path = MuniMap;
			sourceTree = "<group>";
		};
		9AA512131A1AFE65003BF6F9 /* Supporting Files */ = {
			isa = PBXGroup;
			children = (
				9AA5121E1A1AFE65003BF6F9 /* LaunchScreen.xib */,
				9AA5121C1A1AFE65003BF6F9 /* Images.xcassets */,
				9AA5123D1A1AFF28003BF6F9 /* MapKit.framework */,
				9AA512141A1AFE65003BF6F9 /* Info.plist */,
			);
			name = "Supporting Files";
			sourceTree = "<group>";
		};
		9AC62C5B1A1B06AF006073ED /* MuniMapTests */ = {
			isa = PBXGroup;
			children = (
				9A23F5D71A1C483100EF3F03 /* ApiClientSpec.swift */,
				9A1B59A61A1C406C006E8B0F /* RootViewControllerSpec.swift */,
				9AC62C5C1A1B06AF006073ED /* Supporting Files */,
			);
			name = MuniMapTests;
			path = "MuniMap Tests";
			sourceTree = "<group>";
		};
		9AC62C5C1A1B06AF006073ED /* Supporting Files */ = {
			isa = PBXGroup;
			children = (
				9AC62C751A1B06C6006073ED /* Nimble.xcodeproj */,
				9AC62C651A1B06C1006073ED /* Quick.xcodeproj */,
				9AC62C5D1A1B06AF006073ED /* Info.plist */,
			);
			name = "Supporting Files";
			sourceTree = "<group>";
		};
		9AC62C661A1B06C1006073ED /* Products */ = {
			isa = PBXGroup;
			children = (
				9AC62C6E1A1B06C1006073ED /* Quick.framework */,
				9AC62C701A1B06C1006073ED /* Quick-OSXTests.xctest */,
				9AC62C721A1B06C1006073ED /* Quick.framework */,
				9AC62C741A1B06C1006073ED /* Quick-iOSTests.xctest */,
			);
			name = Products;
			sourceTree = "<group>";
		};
		9AC62C761A1B06C6006073ED /* Products */ = {
			isa = PBXGroup;
			children = (
				9AC62C7D1A1B06C6006073ED /* Nimble.framework */,
				9AC62C7F1A1B06C6006073ED /* NimbleTests.xctest */,
				9AC62C811A1B06C6006073ED /* Nimble.framework */,
				9AC62C831A1B06C6006073ED /* Nimble-OSXTests.xctest */,
			);
			name = Products;
			sourceTree = "<group>";
		};
/* End PBXGroup section */

/* Begin PBXNativeTarget section */
		9AA5120F1A1AFE65003BF6F9 /* MuniMap */ = {
			isa = PBXNativeTarget;
			buildConfigurationList = 9AA5122F1A1AFE65003BF6F9 /* Build configuration list for PBXNativeTarget "MuniMap" */;
			buildPhases = (
				9AA5120C1A1AFE65003BF6F9 /* Sources */,
				9AA5120D1A1AFE65003BF6F9 /* Frameworks */,
				9AA5120E1A1AFE65003BF6F9 /* Resources */,
			);
			buildRules = (
			);
			dependencies = (
			);
			name = MuniMap;
			productName = MuniMap;
			productReference = 9AA512101A1AFE65003BF6F9 /* MuniMap.app */;
			productType = "com.apple.product-type.application";
		};
		9AC62C591A1B06AF006073ED /* MuniMapTests */ = {
			isa = PBXNativeTarget;
			buildConfigurationList = 9AC62C621A1B06AF006073ED /* Build configuration list for PBXNativeTarget "MuniMapTests" */;
			buildPhases = (
				9AC62C561A1B06AF006073ED /* Sources */,
				9AC62C571A1B06AF006073ED /* Frameworks */,
				9AC62C581A1B06AF006073ED /* Resources */,
			);
			buildRules = (
			);
			dependencies = (
				9AC62C611A1B06AF006073ED /* PBXTargetDependency */,
			);
			name = MuniMapTests;
			productName = "MuniMap Tests";
			productReference = 9AC62C5A1A1B06AF006073ED /* MuniMapTests.xctest */;
			productType = "com.apple.product-type.bundle.unit-test";
		};
/* End PBXNativeTarget section */

/* Begin PBXProject section */
		9AA512081A1AFE65003BF6F9 /* Project object */ = {
			isa = PBXProject;
			attributes = {
				LastUpgradeCheck = 0610;
				ORGANIZATIONNAME = "Daniel Shusta";
				TargetAttributes = {
					9AA5120F1A1AFE65003BF6F9 = {
						CreatedOnToolsVersion = 6.1;
						SystemCapabilities = {
							com.apple.Maps.iOS = {
								enabled = 1;
							};
						};
					};
					9AC62C591A1B06AF006073ED = {
						CreatedOnToolsVersion = 6.1;
						TestTargetID = 9AA5120F1A1AFE65003BF6F9;
					};
				};
			};
			buildConfigurationList = 9AA5120B1A1AFE65003BF6F9 /* Build configuration list for PBXProject "MuniMap" */;
			compatibilityVersion = "Xcode 3.2";
			developmentRegion = English;
			hasScannedForEncodings = 0;
			knownRegions = (
				en,
				Base,
			);
			mainGroup = 9AA512071A1AFE65003BF6F9;
			productRefGroup = 9AA512111A1AFE65003BF6F9 /* Products */;
			projectDirPath = "";
			projectReferences = (
				{
					ProductGroup = 9AC62C761A1B06C6006073ED /* Products */;
					ProjectRef = 9AC62C751A1B06C6006073ED /* Nimble.xcodeproj */;
				},
				{
					ProductGroup = 9AC62C661A1B06C1006073ED /* Products */;
					ProjectRef = 9AC62C651A1B06C1006073ED /* Quick.xcodeproj */;
				},
			);
			projectRoot = "";
			targets = (
				9AA5120F1A1AFE65003BF6F9 /* MuniMap */,
				9AC62C591A1B06AF006073ED /* MuniMapTests */,
			);
		};
/* End PBXProject section */

/* Begin PBXReferenceProxy section */
		9AC62C6E1A1B06C1006073ED /* Quick.framework */ = {
			isa = PBXReferenceProxy;
			fileType = wrapper.framework;
			path = Quick.framework;
			remoteRef = 9AC62C6D1A1B06C1006073ED /* PBXContainerItemProxy */;
			sourceTree = BUILT_PRODUCTS_DIR;
		};
		9AC62C701A1B06C1006073ED /* Quick-OSXTests.xctest */ = {
			isa = PBXReferenceProxy;
			fileType = wrapper.cfbundle;
			path = "Quick-OSXTests.xctest";
			remoteRef = 9AC62C6F1A1B06C1006073ED /* PBXContainerItemProxy */;
			sourceTree = BUILT_PRODUCTS_DIR;
		};
		9AC62C721A1B06C1006073ED /* Quick.framework */ = {
			isa = PBXReferenceProxy;
			fileType = wrapper.framework;
			path = Quick.framework;
			remoteRef = 9AC62C711A1B06C1006073ED /* PBXContainerItemProxy */;
			sourceTree = BUILT_PRODUCTS_DIR;
		};
		9AC62C741A1B06C1006073ED /* Quick-iOSTests.xctest */ = {
			isa = PBXReferenceProxy;
			fileType = wrapper.cfbundle;
			path = "Quick-iOSTests.xctest";
			remoteRef = 9AC62C731A1B06C1006073ED /* PBXContainerItemProxy */;
			sourceTree = BUILT_PRODUCTS_DIR;
		};
		9AC62C7D1A1B06C6006073ED /* Nimble.framework */ = {
			isa = PBXReferenceProxy;
			fileType = wrapper.framework;
			path = Nimble.framework;
			remoteRef = 9AC62C7C1A1B06C6006073ED /* PBXContainerItemProxy */;
			sourceTree = BUILT_PRODUCTS_DIR;
		};
		9AC62C7F1A1B06C6006073ED /* NimbleTests.xctest */ = {
			isa = PBXReferenceProxy;
			fileType = wrapper.cfbundle;
			path = NimbleTests.xctest;
			remoteRef = 9AC62C7E1A1B06C6006073ED /* PBXContainerItemProxy */;
			sourceTree = BUILT_PRODUCTS_DIR;
		};
		9AC62C811A1B06C6006073ED /* Nimble.framework */ = {
			isa = PBXReferenceProxy;
			fileType = wrapper.framework;
			path = Nimble.framework;
			remoteRef = 9AC62C801A1B06C6006073ED /* PBXContainerItemProxy */;
			sourceTree = BUILT_PRODUCTS_DIR;
		};
		9AC62C831A1B06C6006073ED /* Nimble-OSXTests.xctest */ = {
			isa = PBXReferenceProxy;
			fileType = wrapper.cfbundle;
			path = "Nimble-OSXTests.xctest";
			remoteRef = 9AC62C821A1B06C6006073ED /* PBXContainerItemProxy */;
			sourceTree = BUILT_PRODUCTS_DIR;
		};
/* End PBXReferenceProxy section */

/* Begin PBXResourcesBuildPhase section */
		9AA5120E1A1AFE65003BF6F9 /* Resources */ = {
			isa = PBXResourcesBuildPhase;
			buildActionMask = 2147483647;
			files = (
				9AA512201A1AFE65003BF6F9 /* LaunchScreen.xib in Resources */,
				9AA5121D1A1AFE65003BF6F9 /* Images.xcassets in Resources */,
			);
			runOnlyForDeploymentPostprocessing = 0;
		};
		9AC62C581A1B06AF006073ED /* Resources */ = {
			isa = PBXResourcesBuildPhase;
			buildActionMask = 2147483647;
			files = (
			);
			runOnlyForDeploymentPostprocessing = 0;
		};
/* End PBXResourcesBuildPhase section */

/* Begin PBXSourcesBuildPhase section */
		9AA5120C1A1AFE65003BF6F9 /* Sources */ = {
			isa = PBXSourcesBuildPhase;
			buildActionMask = 2147483647;
			files = (
				9AA512181A1AFE65003BF6F9 /* RootViewController.swift in Sources */,
				9A23F5DA1A1C50D300EF3F03 /* Route.swift in Sources */,
				9AA512161A1AFE65003BF6F9 /* AppDelegate.swift in Sources */,
				9A23F5D51A1C44E100EF3F03 /* ApiClient.swift in Sources */,
			);
			runOnlyForDeploymentPostprocessing = 0;
		};
		9AC62C561A1B06AF006073ED /* Sources */ = {
			isa = PBXSourcesBuildPhase;
			buildActionMask = 2147483647;
			files = (
				9A1B59A91A1C4186006E8B0F /* AppDelegate.swift in Sources */,
				9A23F5D81A1C483100EF3F03 /* ApiClientSpec.swift in Sources */,
				9A1B59A81A1C4103006E8B0F /* RootViewController.swift in Sources */,
				9A23F5DB1A1C50D300EF3F03 /* Route.swift in Sources */,
				9A1B59A71A1C406C006E8B0F /* RootViewControllerSpec.swift in Sources */,
				9A23F5D61A1C44E100EF3F03 /* ApiClient.swift in Sources */,
			);
			runOnlyForDeploymentPostprocessing = 0;
		};
/* End PBXSourcesBuildPhase section */

/* Begin PBXTargetDependency section */
		9AC62C611A1B06AF006073ED /* PBXTargetDependency */ = {
			isa = PBXTargetDependency;
			target = 9AA5120F1A1AFE65003BF6F9 /* MuniMap */;
			targetProxy = 9AC62C601A1B06AF006073ED /* PBXContainerItemProxy */;
		};
/* End PBXTargetDependency section */

/* Begin PBXVariantGroup section */
		9AA5121E1A1AFE65003BF6F9 /* LaunchScreen.xib */ = {
			isa = PBXVariantGroup;
			children = (
				9AA5121F1A1AFE65003BF6F9 /* Base */,
			);
			name = LaunchScreen.xib;
			sourceTree = "<group>";
		};
/* End PBXVariantGroup section */

/* Begin XCBuildConfiguration section */
		9AA5122D1A1AFE65003BF6F9 /* Debug */ = {
			isa = XCBuildConfiguration;
			buildSettings = {
				ALWAYS_SEARCH_USER_PATHS = NO;
				CLANG_CXX_LANGUAGE_STANDARD = "gnu++0x";
				CLANG_CXX_LIBRARY = "libc++";
				CLANG_ENABLE_MODULES = YES;
				CLANG_ENABLE_OBJC_ARC = YES;
				CLANG_WARN_BOOL_CONVERSION = YES;
				CLANG_WARN_CONSTANT_CONVERSION = YES;
				CLANG_WARN_DIRECT_OBJC_ISA_USAGE = YES_ERROR;
				CLANG_WARN_EMPTY_BODY = YES;
				CLANG_WARN_ENUM_CONVERSION = YES;
				CLANG_WARN_INT_CONVERSION = YES;
				CLANG_WARN_OBJC_ROOT_CLASS = YES_ERROR;
				CLANG_WARN_UNREACHABLE_CODE = YES;
				CLANG_WARN__DUPLICATE_METHOD_MATCH = YES;
				"CODE_SIGN_IDENTITY[sdk=iphoneos*]" = "iPhone Developer";
				COPY_PHASE_STRIP = NO;
				ENABLE_STRICT_OBJC_MSGSEND = YES;
				GCC_C_LANGUAGE_STANDARD = gnu99;
				GCC_DYNAMIC_NO_PIC = NO;
				GCC_OPTIMIZATION_LEVEL = 0;
				GCC_PREPROCESSOR_DEFINITIONS = (
					"DEBUG=1",
					"$(inherited)",
				);
				GCC_SYMBOLS_PRIVATE_EXTERN = NO;
				GCC_WARN_64_TO_32_BIT_CONVERSION = YES;
				GCC_WARN_ABOUT_RETURN_TYPE = YES_ERROR;
				GCC_WARN_UNDECLARED_SELECTOR = YES;
				GCC_WARN_UNINITIALIZED_AUTOS = YES_AGGRESSIVE;
				GCC_WARN_UNUSED_FUNCTION = YES;
				GCC_WARN_UNUSED_VARIABLE = YES;
				IPHONEOS_DEPLOYMENT_TARGET = 8.1;
				MTL_ENABLE_DEBUG_INFO = YES;
				ONLY_ACTIVE_ARCH = YES;
				SDKROOT = iphoneos;
				SWIFT_OPTIMIZATION_LEVEL = "-Onone";
				TARGETED_DEVICE_FAMILY = "1,2";
			};
			name = Debug;
		};
		9AA5122E1A1AFE65003BF6F9 /* Release */ = {
			isa = XCBuildConfiguration;
			buildSettings = {
				ALWAYS_SEARCH_USER_PATHS = NO;
				CLANG_CXX_LANGUAGE_STANDARD = "gnu++0x";
				CLANG_CXX_LIBRARY = "libc++";
				CLANG_ENABLE_MODULES = YES;
				CLANG_ENABLE_OBJC_ARC = YES;
				CLANG_WARN_BOOL_CONVERSION = YES;
				CLANG_WARN_CONSTANT_CONVERSION = YES;
				CLANG_WARN_DIRECT_OBJC_ISA_USAGE = YES_ERROR;
				CLANG_WARN_EMPTY_BODY = YES;
				CLANG_WARN_ENUM_CONVERSION = YES;
				CLANG_WARN_INT_CONVERSION = YES;
				CLANG_WARN_OBJC_ROOT_CLASS = YES_ERROR;
				CLANG_WARN_UNREACHABLE_CODE = YES;
				CLANG_WARN__DUPLICATE_METHOD_MATCH = YES;
				"CODE_SIGN_IDENTITY[sdk=iphoneos*]" = "iPhone Developer";
				COPY_PHASE_STRIP = YES;
				ENABLE_NS_ASSERTIONS = NO;
				ENABLE_STRICT_OBJC_MSGSEND = YES;
				GCC_C_LANGUAGE_STANDARD = gnu99;
				GCC_WARN_64_TO_32_BIT_CONVERSION = YES;
				GCC_WARN_ABOUT_RETURN_TYPE = YES_ERROR;
				GCC_WARN_UNDECLARED_SELECTOR = YES;
				GCC_WARN_UNINITIALIZED_AUTOS = YES_AGGRESSIVE;
				GCC_WARN_UNUSED_FUNCTION = YES;
				GCC_WARN_UNUSED_VARIABLE = YES;
				IPHONEOS_DEPLOYMENT_TARGET = 8.1;
				MTL_ENABLE_DEBUG_INFO = NO;
				SDKROOT = iphoneos;
				TARGETED_DEVICE_FAMILY = "1,2";
				VALIDATE_PRODUCT = YES;
			};
			name = Release;
		};
		9AA512301A1AFE65003BF6F9 /* Debug */ = {
			isa = XCBuildConfiguration;
			buildSettings = {
				ASSETCATALOG_COMPILER_APPICON_NAME = AppIcon;
				INFOPLIST_FILE = MuniMap/Info.plist;
				LD_RUNPATH_SEARCH_PATHS = "$(inherited) @executable_path/Frameworks";
				PRODUCT_NAME = "$(TARGET_NAME)";
			};
			name = Debug;
		};
		9AA512311A1AFE65003BF6F9 /* Release */ = {
			isa = XCBuildConfiguration;
			buildSettings = {
				ASSETCATALOG_COMPILER_APPICON_NAME = AppIcon;
				INFOPLIST_FILE = MuniMap/Info.plist;
				LD_RUNPATH_SEARCH_PATHS = "$(inherited) @executable_path/Frameworks";
				PRODUCT_NAME = "$(TARGET_NAME)";
			};
			name = Release;
		};
		9AC62C631A1B06AF006073ED /* Debug */ = {
			isa = XCBuildConfiguration;
			buildSettings = {
				BUNDLE_LOADER = "$(TEST_HOST)";
				CLANG_ENABLE_MODULES = YES;
				FRAMEWORK_SEARCH_PATHS = (
					"$(SDKROOT)/Developer/Library/Frameworks",
					"$(inherited)",
				);
				GCC_PREPROCESSOR_DEFINITIONS = (
					"DEBUG=1",
					"$(inherited)",
				);
				INFOPLIST_FILE = "MuniMap Tests/Info.plist";
				LD_RUNPATH_SEARCH_PATHS = "$(inherited) @executable_path/Frameworks @loader_path/Frameworks";
				PRODUCT_NAME = "$(TARGET_NAME)";
				SWIFT_INSTALL_OBJC_HEADER = NO;
				SWIFT_OPTIMIZATION_LEVEL = "-Onone";
				TEST_HOST = "$(BUILT_PRODUCTS_DIR)/MuniMap.app/MuniMap";
			};
			name = Debug;
		};
		9AC62C641A1B06AF006073ED /* Release */ = {
			isa = XCBuildConfiguration;
			buildSettings = {
				BUNDLE_LOADER = "$(TEST_HOST)";
				CLANG_ENABLE_MODULES = YES;
				FRAMEWORK_SEARCH_PATHS = (
					"$(SDKROOT)/Developer/Library/Frameworks",
					"$(inherited)",
				);
				INFOPLIST_FILE = "MuniMap Tests/Info.plist";
				LD_RUNPATH_SEARCH_PATHS = "$(inherited) @executable_path/Frameworks @loader_path/Frameworks";
				PRODUCT_NAME = "$(TARGET_NAME)";
				SWIFT_INSTALL_OBJC_HEADER = NO;
				TEST_HOST = "$(BUILT_PRODUCTS_DIR)/MuniMap.app/MuniMap";
			};
			name = Release;
		};
/* End XCBuildConfiguration section */

/* Begin XCConfigurationList section */
		9AA5120B1A1AFE65003BF6F9 /* Build configuration list for PBXProject "MuniMap" */ = {
			isa = XCConfigurationList;
			buildConfigurations = (
				9AA5122D1A1AFE65003BF6F9 /* Debug */,
				9AA5122E1A1AFE65003BF6F9 /* Release */,
			);
			defaultConfigurationIsVisible = 0;
			defaultConfigurationName = Release;
		};
		9AA5122F1A1AFE65003BF6F9 /* Build configuration list for PBXNativeTarget "MuniMap" */ = {
			isa = XCConfigurationList;
			buildConfigurations = (
				9AA512301A1AFE65003BF6F9 /* Debug */,
				9AA512311A1AFE65003BF6F9 /* Release */,
			);
			defaultConfigurationIsVisible = 0;
			defaultConfigurationName = Release;
		};
		9AC62C621A1B06AF006073ED /* Build configuration list for PBXNativeTarget "MuniMapTests" */ = {
			isa = XCConfigurationList;
			buildConfigurations = (
				9AC62C631A1B06AF006073ED /* Debug */,
				9AC62C641A1B06AF006073ED /* Release */,
			);
			defaultConfigurationIsVisible = 0;
			defaultConfigurationName = Release;
		};
/* End XCConfigurationList section */
	};
	rootObject = 9AA512081A1AFE65003BF6F9 /* Project object */;
}
